<?xml version="1.0" encoding="UTF-8"?>
<CONFIG>
  <ProjectOptions>
    <Version Value="9"/>
    <General>
      <SessionStorage Value="InProjectDir"/>
      <MainUnit Value="0"/>
      <AutoCreateForms Value="False"/>
      <Title Value="experiment_runner"/>
      <ResourceType Value="res"/>
      <UseXPManifest Value="True"/>
      <Icon Value="0"/>
    </General>
    <i18n>
      <EnableI18N LFM="False"/>
    </i18n>
    <VersionInfo>
      <UseVersionInfo Value="True"/>
      <AutoIncrementBuild Value="True"/>
      <MinorVersionNr Value="2"/>
      <BuildNr Value="6"/>
      <Language Value="0416"/>
      <StringTable Comments="https://github.com/lacs-ufpa/free-mtrix" CompanyName="Laboratório de Comportamento Social e Seleção Cultural" FileDescription="Experimentos livres de seleção cultural e comportamento social." LegalCopyright="Copyright (C) Carlos Rafael Fernandes Picanço, Universidade Federal do Pará." OriginalFilename="experiment_runner" ProductName="Free-mtrix" ProductVersion="0.2.0"/>
    </VersionInfo>
    <BuildModes Count="4">
      <Item1 Name="Linux 64 Debug" Default="True"/>
      <Item2 Name="Linux 64 Release">
        <CompilerOptions>
          <Version Value="11"/>
          <Target>
            <Filename Value="experiment_runner"/>
          </Target>
          <SearchPaths>
            <IncludeFiles Value="$(ProjOutDir)"/>
            <Libraries Value="/usr/lib/gcc/x86_64-linux-gnu/4.9/"/>
            <OtherUnitFiles Value="units;../dependencies/delphizmq"/>
            <UnitOutputDirectory Value="lib/$(TargetCPU)-$(TargetOS)"/>
          </SearchPaths>
          <Linking>
            <Debugging>
              <UseExternalDbgSyms Value="True"/>
            </Debugging>
            <Options>
              <Win32>
                <GraphicApplication Value="True"/>
              </Win32>
            </Options>
          </Linking>
          <Other>
            <CustomOptions Value="-dUseCThreads
-dZMQ_STATIC_LINK"/>
          </Other>
        </CompilerOptions>
      </Item2>
      <Item3 Name="Win32 Debug">
        <CompilerOptions>
          <Version Value="11"/>
          <Target>
            <Filename Value="experiment_runner"/>
          </Target>
          <SearchPaths>
            <IncludeFiles Value="$(ProjOutDir)"/>
            <Libraries Value="/usr/lib/gcc/x86_64-linux-gnu/4.9/"/>
            <OtherUnitFiles Value="units;../dependencies/delphizmq"/>
            <UnitOutputDirectory Value="lib/$(TargetCPU)-$(TargetOS)"/>
          </SearchPaths>
          <Linking>
            <Options>
              <Win32>
                <GraphicApplication Value="True"/>
              </Win32>
            </Options>
          </Linking>
          <Other>
            <CustomOptions Value="-dZMQ_STATIC_LINK
-Fo/home/rafael/Downloads/zeromq-3.2.5/src/"/>
          </Other>
        </CompilerOptions>
      </Item3>
      <Item4 Name="Win32 Release">
        <CompilerOptions>
          <Version Value="11"/>
          <Target>
            <Filename Value="experiment_runner"/>
          </Target>
          <SearchPaths>
            <IncludeFiles Value="$(ProjOutDir)"/>
            <Libraries Value="/usr/lib/gcc/x86_64-linux-gnu/4.9/"/>
            <OtherUnitFiles Value="units;../dependencies/delphizmq"/>
            <UnitOutputDirectory Value="lib/$(TargetCPU)-$(TargetOS)"/>
          </SearchPaths>
          <Linking>
            <Debugging>
              <UseExternalDbgSyms Value="True"/>
            </Debugging>
            <Options>
              <Win32>
                <GraphicApplication Value="True"/>
              </Win32>
            </Options>
          </Linking>
        </CompilerOptions>
      </Item4>
    </BuildModes>
    <PublishOptions>
      <Version Value="2"/>
    </PublishOptions>
    <RunParams>
      <local>
        <FormatVersion Value="1"/>
      </local>
    </RunParams>
    <RequiredPackages Count="2">
      <Item1>
        <PackageName Value="FCL"/>
      </Item1>
      <Item2>
        <PackageName Value="LCL"/>
      </Item2>
    </RequiredPackages>
    <Units Count="17">
      <Unit0>
        <Filename Value="experiment_runner.lpr"/>
        <IsPartOfProject Value="True"/>
      </Unit0>
      <Unit1>
        <Filename Value="../sc_split/experiment_runner/form_matrixgame.pas"/>
        <IsPartOfProject Value="True"/>
        <ComponentName Value="FormMatrixGame"/>
        <HasResources Value="True"/>
        <ResourceBaseClass Value="Form"/>
      </Unit1>
      <Unit2>
        <Filename Value="../sc_split/experiment_runner/README.md"/>
        <IsPartOfProject Value="True"/>
      </Unit2>
      <Unit3>
        <Filename Value="../sc_split/experiment_runner/units/zmq_network.pas"/>
        <IsPartOfProject Value="True"/>
      </Unit3>
      <Unit4>
        <Filename Value="../sc_split/experiment_runner/units/game_zmq_actors.pas"/>
        <IsPartOfProject Value="True"/>
      </Unit4>
      <Unit5>
        <Filename Value="../sc_split/experiment_runner/units/game_actors.pas"/>
        <IsPartOfProject Value="True"/>
      </Unit5>
      <Unit6>
        <Filename Value="../sc_split/experiment_runner/units/game_experiment.pas"/>
        <IsPartOfProject Value="True"/>
      </Unit6>
      <Unit7>
        <Filename Value="../sc_split/experiment_runner/units/game_file_methods.pas"/>
        <IsPartOfProject Value="True"/>
      </Unit7>
      <Unit8>
        <Filename Value="../sc_split/experiment_runner/units/game_resources.pas"/>
        <IsPartOfProject Value="True"/>
      </Unit8>
      <Unit9>
        <Filename Value="../sc_split/experiment_runner/units/game_control.pas"/>
        <IsPartOfProject Value="True"/>
      </Unit9>
      <Unit10>
        <Filename Value="../sc_split/experiment_runner/units/string_methods.pas"/>
        <IsPartOfProject Value="True"/>
      </Unit10>
      <Unit11>
        <Filename Value="../sc_split/experiment_runner/units/game_actors_point.pas"/>
        <IsPartOfProject Value="True"/>
      </Unit11>
      <Unit12>
        <Filename Value="../sc_split/experiment_runner/units/game_visual_elements.pas"/>
        <IsPartOfProject Value="True"/>
      </Unit12>
      <Unit13>
        <Filename Value="../sc_split/experiment_runner/form_chooseactor.pas"/>
        <IsPartOfProject Value="True"/>
        <ComponentName Value="FormChooseActor"/>
        <HasResources Value="True"/>
        <ResourceBaseClass Value="Form"/>
      </Unit13>
      <Unit14>
        <Filename Value="../sc_split/experiment_runner/units/csv_writer.pas"/>
        <IsPartOfProject Value="True"/>
      </Unit14>
      <Unit15>
        <Filename Value="../sc_split/experiment_runner/units/helpers.pas"/>
        <IsPartOfProject Value="True"/>
      </Unit15>
      <Unit16>
        <Filename Value="units/popup_hack.pas"/>
        <IsPartOfProject Value="True"/>
      </Unit16>
    </Units>
  </ProjectOptions>
  <CompilerOptions>
    <Version Value="11"/>
    <Target>
      <Filename Value="experiment_runner"/>
    </Target>
    <SearchPaths>
      <IncludeFiles Value="$(ProjOutDir)"/>
      <Libraries Value="/usr/lib/gcc/x86_64-linux-gnu/4.9/"/>
      <OtherUnitFiles Value="units;../dependencies/delphizmq"/>
      <UnitOutputDirectory Value="lib/$(TargetCPU)-$(TargetOS)"/>
    </SearchPaths>
    <Linking>
      <Options>
        <Win32>
          <GraphicApplication Value="True"/>
        </Win32>
      </Options>
    </Linking>
    <Other>
      <CustomOptions Value="-dUseCThreads
-dZMQ_STATIC_LINK"/>
    </Other>
  </CompilerOptions>
  <Debugging>
    <Exceptions Count="5">
      <Item1>
        <Name Value="EAbort"/>
      </Item1>
      <Item2>
        <Name Value="ECodetoolError"/>
      </Item2>
      <Item3>
        <Name Value="EFOpenError"/>
      </Item3>
      <Item4>
        <Name Value="RunError(103)"/>
      </Item4>
      <Item5>
        <Name Value="EInOutError"/>
      </Item5>
    </Exceptions>
  </Debugging>
</CONFIG>
